
Microsoft Visual Studio Solution File, Format Version 12.00
# Visual Studio 15
VisualStudioVersion = 15.0.28307.1433
MinimumVisualStudioVersion = 10.0.40219.1
Project("{FAE04EC0-301F-11D3-BF4B-00C04F79EFBC}") = "LakshanTraders", "LakshanTraders\LakshanTraders.csproj", "{B4497801-9E4F-4BC6-93C6-AE8F3F2ACCC0}"
EndProject
Global
	GlobalSection(SolutionConfigurationPlatforms) = preSolution
		Debug|Any CPU = Debug|Any CPU
		Release|Any CPU = Release|Any CPU
	EndGlobalSection
	GlobalSection(ProjectConfigurationPlatforms) = postSolution
		{B4497801-9E4F-4BC6-93C6-AE8F3F2ACCC0}.Debug|Any CPU.ActiveCfg = Debug|Any CPU
		{B4497801-9E4F-4BC6-93C6-AE8F3F2ACCC0}.Debug|Any CPU.Build.0 = Debug|Any CPU
		{B4497801-9E4F-4BC6-93C6-AE8F3F2ACCC0}.Release|Any CPU.ActiveCfg = Release|Any CPU
		{B4497801-9E4F-4BC6-93C6-AE8F3F2ACCC0}.Release|Any CPU.Build.0 = Release|Any CPU
	EndGlobalSection
	GlobalSection(SolutionProperties) = preSolution
		HideSolutionNode = FALSE
	EndGlobalSection
	GlobalSection(ExtensibilityGlobals) = postSolution
		SolutionGuid = {62F3001A-B8C3-496D-8976-E5C26537DADC}
	EndGlobalSection
EndGlobal
